
Microsoft Visual Studio Solution File, Format Version 12.00
# Visual Studio Version 17
VisualStudioVersion = 17.4.33103.184
MinimumVisualStudioVersion = 10.0.40219.1
Project("{FAE04EC0-301F-11D3-BF4B-00C04F79EFBC}") = "BlizzardHaunt", "BlizzardHaunt\BlizzardHaunt.csproj", "{8C0BCDA7-6C8A-47AD-B055-755F3C80F117}"
EndProject
Project("{FAE04EC0-301F-11D3-BF4B-00C04F79EFBC}") = "Api", "Api\Api.csproj", "{DA29BDB7-D8EB-4DD5-9F47-D012E7C86B79}"
EndProject
Global
	GlobalSection(SolutionConfigurationPlatforms) = preSolution
		Debug|Any CPU = Debug|Any CPU
		Release|Any CPU = Release|Any CPU
	EndGlobalSection
	GlobalSection(ProjectConfigurationPlatforms) = postSolution
		{8C0BCDA7-6C8A-47AD-B055-755F3C80F117}.Debug|Any CPU.ActiveCfg = Debug|Any CPU
		{8C0BCDA7-6C8A-47AD-B055-755F3C80F117}.Debug|Any CPU.Build.0 = Debug|Any CPU
		{8C0BCDA7-6C8A-47AD-B055-755F3C80F117}.Release|Any CPU.ActiveCfg = Release|Any CPU
		{8C0BCDA7-6C8A-47AD-B055-755F3C80F117}.Release|Any CPU.Build.0 = Release|Any CPU
		{DA29BDB7-D8EB-4DD5-9F47-D012E7C86B79}.Debug|Any CPU.ActiveCfg = Debug|Any CPU
		{DA29BDB7-D8EB-4DD5-9F47-D012E7C86B79}.Debug|Any CPU.Build.0 = Debug|Any CPU
		{DA29BDB7-D8EB-4DD5-9F47-D012E7C86B79}.Release|Any CPU.ActiveCfg = Release|Any CPU
		{DA29BDB7-D8EB-4DD5-9F47-D012E7C86B79}.Release|Any CPU.Build.0 = Release|Any CPU
	EndGlobalSection
	GlobalSection(SolutionProperties) = preSolution
		HideSolutionNode = FALSE
	EndGlobalSection
	GlobalSection(ExtensibilityGlobals) = postSolution
		SolutionGuid = {DBF07BCD-7CC7-4DF5-9258-09107A0AB645}
	EndGlobalSection
EndGlobal
